<?xml version="1.0" encoding="utf-8"?>
<Project ToolsVersion="4.0" xmlns="http://schemas.microsoft.com/developer/msbuild/2003">
  <ItemGroup>
    <Filter Include="Source Files">
      <UniqueIdentifier>{4FC737F1-C7A5-4376-A066-2A32D752A2FF}</UniqueIdentifier>
      <Extensions>cpp;c;cc;cxx;def;odl;idl;hpj;bat;asm;asmx</Extensions>
    </Filter>
    <Filter Include="Header Files">
      <UniqueIdentifier>{93995380-89BD-4b04-88EB-625FBE52EBFB}</UniqueIdentifier>
      <Extensions>h;hh;hpp;hxx;hm;inl;inc;xsd</Extensions>
    </Filter>
    <Filter Include="Resource Files">
      <UniqueIdentifier>{67DA6AB6-F800-4c08-8B7A-83BB121AAD01}</UniqueIdentifier>
      <Extensions>rc;ico;cur;bmp;dlg;rc2;rct;bin;rgs;gif;jpg;jpeg;jpe;resx;tiff;tif;png;wav;mfcribbon-ms</Extensions>
    </Filter>
    <Filter Include="Source Files\Enermies_Source">
      <UniqueIdentifier>{91e85a4b-b91b-4dd7-83c5-2d9cf0ad914e}</UniqueIdentifier>
    </Filter>
    <Filter Include="Source Files\Objects_Source">
      <UniqueIdentifier>{3e7b9a4a-2248-47d6-a6dd-660c02e431c0}</UniqueIdentifier>
    </Filter>
    <Filter Include="Header Files\Enermies_Header">
      <UniqueIdentifier>{2dfc31d9-799b-43a7-ae26-49822c730790}</UniqueIdentifier>
    </Filter>
    <Filter Include="Header Files\Objects_Header">
      <UniqueIdentifier>{dd49d0be-64b4-4210-9375-1bacd0b0a93f}</UniqueIdentifier>
    </Filter>
    <Filter Include="Header Files\Framework_Header">
      <UniqueIdentifier>{b4727d7e-155c-400f-b761-7ab271e3d912}</UniqueIdentifier>
    </Filter>
    <Filter Include="Source Files\Framework_Source">
      <UniqueIdentifier>{990103dc-bcee-45f9-9182-3bdba9921b2f}</UniqueIdentifier>
    </Filter>
    <Filter Include="TXT Files">
      <UniqueIdentifier>{5648a6ef-aee8-4651-b350-363b3b6022a9}</UniqueIdentifier>
    </Filter>
  </ItemGroup>
  <ItemGroup>
    <ClCompile Include="main.cpp">
      <Filter>Source Files</Filter>
    </ClCompile>
    <ClCompile Include="Mario.cpp">
      <Filter>Source Files</Filter>
    </ClCompile>
    <ClCompile Include="Goomba.cpp">
      <Filter>Source Files\Enermies_Source</Filter>
    </ClCompile>
    <ClCompile Include="Koopas.cpp">
      <Filter>Source Files\Enermies_Source</Filter>
    </ClCompile>
    <ClCompile Include="Background.cpp">
      <Filter>Source Files\Objects_Source</Filter>
    </ClCompile>
    <ClCompile Include="Brick.cpp">
      <Filter>Source Files\Objects_Source</Filter>
    </ClCompile>
    <ClCompile Include="Platform.cpp">
      <Filter>Source Files\Objects_Source</Filter>
    </ClCompile>
    <ClCompile Include="Portal.cpp">
      <Filter>Source Files\Objects_Source</Filter>
    </ClCompile>
    <ClCompile Include="Animations.cpp">
      <Filter>Source Files\Framework_Source</Filter>
    </ClCompile>
    <ClCompile Include="Game.cpp">
      <Filter>Source Files\Framework_Source</Filter>
    </ClCompile>
    <ClCompile Include="GameObject.cpp">
      <Filter>Source Files\Framework_Source</Filter>
    </ClCompile>
    <ClCompile Include="PlayScence.cpp">
      <Filter>Source Files\Framework_Source</Filter>
    </ClCompile>
    <ClCompile Include="Scence.cpp">
      <Filter>Source Files\Framework_Source</Filter>
    </ClCompile>
    <ClCompile Include="Sprites.cpp">
      <Filter>Source Files\Framework_Source</Filter>
    </ClCompile>
    <ClCompile Include="Textures.cpp">
      <Filter>Source Files\Framework_Source</Filter>
    </ClCompile>
    <ClCompile Include="Utils.cpp">
      <Filter>Source Files\Framework_Source</Filter>
    </ClCompile>
    <ClCompile Include="TileMap.cpp">
      <Filter>Source Files\Framework_Source</Filter>
    </ClCompile>
  </ItemGroup>
  <ItemGroup>
    <ClInclude Include="Mario.h">
      <Filter>Header Files</Filter>
    </ClInclude>
    <ClInclude Include="Goomba.h">
      <Filter>Header Files\Enermies_Header</Filter>
    </ClInclude>
    <ClInclude Include="Koopas.h">
      <Filter>Header Files\Enermies_Header</Filter>
    </ClInclude>
    <ClInclude Include="Platform.h">
      <Filter>Header Files\Objects_Header</Filter>
    </ClInclude>
    <ClInclude Include="Brick.h">
      <Filter>Header Files\Objects_Header</Filter>
    </ClInclude>
    <ClInclude Include="Portal.h">
      <Filter>Header Files\Objects_Header</Filter>
    </ClInclude>
    <ClInclude Include="Background.h">
      <Filter>Header Files\Objects_Header</Filter>
    </ClInclude>
    <ClInclude Include="Animations.h">
      <Filter>Header Files\Objects_Header</Filter>
    </ClInclude>
    <ClInclude Include="Game.h">
      <Filter>Header Files\Objects_Header</Filter>
    </ClInclude>
    <ClInclude Include="GameObject.h">
      <Filter>Header Files\Objects_Header</Filter>
    </ClInclude>
    <ClInclude Include="KeyEventHandler.h">
      <Filter>Header Files\Objects_Header</Filter>
    </ClInclude>
    <ClInclude Include="PlayScence.h">
      <Filter>Header Files\Objects_Header</Filter>
    </ClInclude>
    <ClInclude Include="Scence.h">
      <Filter>Header Files\Objects_Header</Filter>
    </ClInclude>
    <ClInclude Include="Sprites.h">
      <Filter>Header Files\Objects_Header</Filter>
    </ClInclude>
    <ClInclude Include="Textures.h">
      <Filter>Header Files\Objects_Header</Filter>
    </ClInclude>
    <ClInclude Include="Utils.h">
      <Filter>Header Files\Objects_Header</Filter>
    </ClInclude>
    <ClInclude Include="constants.h">
      <Filter>Header Files</Filter>
    </ClInclude>
    <ClInclude Include="TileMap.h">
      <Filter>Header Files\Framework_Header</Filter>
    </ClInclude>
  </ItemGroup>
  <ItemGroup>
    <Text Include="mario-sample.txt">
      <Filter>TXT Files</Filter>
    </Text>
    <Text Include="world1-1.txt">
      <Filter>TXT Files</Filter>
    </Text>
    <Text Include="world1-2.txt">
      <Filter>TXT Files</Filter>
    </Text>
    <Text Include="world1-3.txt">
      <Filter>TXT Files</Filter>
    </Text>
  </ItemGroup>
</Project>